
Microsoft Visual Studio Solution File, Format Version 12.00
# Visual Studio Version 17
VisualStudioVersion = 17.0.31903.59
MinimumVisualStudioVersion = 10.0.40219.1
Project("{FAE04EC0-301F-11D3-BF4B-00C04F79EFBC}") = "AocCsharp", "AocCsharp\AocCsharp.csproj", "{B4C20F83-E762-457A-9607-FD0817D6D833}"
EndProject
Project("{2150E333-8FDC-42A3-9474-1A3956D46DE8}") = "AocPython", "AocPython", "{A1B2C3D4-E5F6-4A5B-8C9D-0E1F2A3B4C5D}"
EndProject
Project("{2150E333-8FDC-42A3-9474-1A3956D46DE8}") = "AocRust", "AocRust", "{F1E2D3C4-B5A6-4958-8C7D-6E5F4A3B2C1D}"
EndProject
Global
	GlobalSection(SolutionConfigurationPlatforms) = preSolution
		Debug|Any CPU = Debug|Any CPU
		Debug|x64 = Debug|x64
		Debug|x86 = Debug|x86
		Release|Any CPU = Release|Any CPU
		Release|x64 = Release|x64
		Release|x86 = Release|x86
	EndGlobalSection
	GlobalSection(ProjectConfigurationPlatforms) = postSolution
		{B4C20F83-E762-457A-9607-FD0817D6D833}.Debug|Any CPU.ActiveCfg = Debug|Any CPU
		{B4C20F83-E762-457A-9607-FD0817D6D833}.Debug|Any CPU.Build.0 = Debug|Any CPU
		{B4C20F83-E762-457A-9607-FD0817D6D833}.Debug|x64.ActiveCfg = Debug|Any CPU
		{B4C20F83-E762-457A-9607-FD0817D6D833}.Debug|x64.Build.0 = Debug|Any CPU
		{B4C20F83-E762-457A-9607-FD0817D6D833}.Debug|x86.ActiveCfg = Debug|Any CPU
		{B4C20F83-E762-457A-9607-FD0817D6D833}.Debug|x86.Build.0 = Debug|Any CPU
		{B4C20F83-E762-457A-9607-FD0817D6D833}.Release|Any CPU.ActiveCfg = Release|Any CPU
		{B4C20F83-E762-457A-9607-FD0817D6D833}.Release|Any CPU.Build.0 = Release|Any CPU
		{B4C20F83-E762-457A-9607-FD0817D6D833}.Release|x64.ActiveCfg = Release|Any CPU
		{B4C20F83-E762-457A-9607-FD0817D6D833}.Release|x64.Build.0 = Release|Any CPU
		{B4C20F83-E762-457A-9607-FD0817D6D833}.Release|x86.ActiveCfg = Release|Any CPU
		{B4C20F83-E762-457A-9607-FD0817D6D833}.Release|x86.Build.0 = Release|Any CPU
	EndGlobalSection
	GlobalSection(SolutionProperties) = preSolution
		HideSolutionNode = FALSE
	EndGlobalSection
EndGlobal
